
Microsoft Visual Studio Solution File, Format Version 12.00
# Visual Studio Version 17
VisualStudioVersion = 17.12.35521.163
MinimumVisualStudioVersion = 10.0.40219.1
Project("{8BC9CEB8-8B4A-11D0-8D11-00A0C91BC942}") = "HelloWorld", "HelloWorld\HelloWorld.vcxproj", "{E1C69EA3-6098-46C7-9A05-CAAF91A1C894}"
EndProject
Project("{8BC9CEB8-8B4A-11D0-8D11-00A0C91BC942}") = "Lampe_Interrupteur", "Lampe_Interrupteur\Lampe_Interrupteur.vcxproj", "{350CD432-CB46-4D28-AE8F-5E524441FF1E}"
EndProject
Project("{FAE04EC0-301F-11D3-BF4B-00C04F79EFBC}") = "CaisseAutonome", "CaisseAutonome\CaisseAutonome.csproj", "{780A96F4-24A3-44D3-903E-5B0E1BF065A2}"
EndProject
Project("{FAE04EC0-301F-11D3-BF4B-00C04F79EFBC}") = "DemoMenuStrip", "DemoMenuStrip\DemoMenuStrip.csproj", "{641EC649-BED2-4B04-844A-8CAAFFB0E851}"
EndProject
Global
	GlobalSection(SolutionConfigurationPlatforms) = preSolution
		Debug|Any CPU = Debug|Any CPU
		Debug|x64 = Debug|x64
		Debug|x86 = Debug|x86
		Release|Any CPU = Release|Any CPU
		Release|x64 = Release|x64
		Release|x86 = Release|x86
	EndGlobalSection
	GlobalSection(ProjectConfigurationPlatforms) = postSolution
		{E1C69EA3-6098-46C7-9A05-CAAF91A1C894}.Debug|Any CPU.ActiveCfg = Debug|x64
		{E1C69EA3-6098-46C7-9A05-CAAF91A1C894}.Debug|Any CPU.Build.0 = Debug|x64
		{E1C69EA3-6098-46C7-9A05-CAAF91A1C894}.Debug|x64.ActiveCfg = Debug|x64
		{E1C69EA3-6098-46C7-9A05-CAAF91A1C894}.Debug|x64.Build.0 = Debug|x64
		{E1C69EA3-6098-46C7-9A05-CAAF91A1C894}.Debug|x86.ActiveCfg = Debug|Win32
		{E1C69EA3-6098-46C7-9A05-CAAF91A1C894}.Debug|x86.Build.0 = Debug|Win32
		{E1C69EA3-6098-46C7-9A05-CAAF91A1C894}.Release|Any CPU.ActiveCfg = Release|x64
		{E1C69EA3-6098-46C7-9A05-CAAF91A1C894}.Release|Any CPU.Build.0 = Release|x64
		{E1C69EA3-6098-46C7-9A05-CAAF91A1C894}.Release|x64.ActiveCfg = Release|x64
		{E1C69EA3-6098-46C7-9A05-CAAF91A1C894}.Release|x64.Build.0 = Release|x64
		{E1C69EA3-6098-46C7-9A05-CAAF91A1C894}.Release|x86.ActiveCfg = Release|Win32
		{E1C69EA3-6098-46C7-9A05-CAAF91A1C894}.Release|x86.Build.0 = Release|Win32
		{350CD432-CB46-4D28-AE8F-5E524441FF1E}.Debug|Any CPU.ActiveCfg = Debug|x64
		{350CD432-CB46-4D28-AE8F-5E524441FF1E}.Debug|Any CPU.Build.0 = Debug|x64
		{350CD432-CB46-4D28-AE8F-5E524441FF1E}.Debug|x64.ActiveCfg = Debug|x64
		{350CD432-CB46-4D28-AE8F-5E524441FF1E}.Debug|x64.Build.0 = Debug|x64
		{350CD432-CB46-4D28-AE8F-5E524441FF1E}.Debug|x86.ActiveCfg = Debug|Win32
		{350CD432-CB46-4D28-AE8F-5E524441FF1E}.Debug|x86.Build.0 = Debug|Win32
		{350CD432-CB46-4D28-AE8F-5E524441FF1E}.Release|Any CPU.ActiveCfg = Release|x64
		{350CD432-CB46-4D28-AE8F-5E524441FF1E}.Release|Any CPU.Build.0 = Release|x64
		{350CD432-CB46-4D28-AE8F-5E524441FF1E}.Release|x64.ActiveCfg = Release|x64
		{350CD432-CB46-4D28-AE8F-5E524441FF1E}.Release|x64.Build.0 = Release|x64
		{350CD432-CB46-4D28-AE8F-5E524441FF1E}.Release|x86.ActiveCfg = Release|Win32
		{350CD432-CB46-4D28-AE8F-5E524441FF1E}.Release|x86.Build.0 = Release|Win32
		{780A96F4-24A3-44D3-903E-5B0E1BF065A2}.Debug|Any CPU.ActiveCfg = Debug|Any CPU
		{780A96F4-24A3-44D3-903E-5B0E1BF065A2}.Debug|Any CPU.Build.0 = Debug|Any CPU
		{780A96F4-24A3-44D3-903E-5B0E1BF065A2}.Debug|x64.ActiveCfg = Debug|Any CPU
		{780A96F4-24A3-44D3-903E-5B0E1BF065A2}.Debug|x64.Build.0 = Debug|Any CPU
		{780A96F4-24A3-44D3-903E-5B0E1BF065A2}.Debug|x86.ActiveCfg = Debug|Any CPU
		{780A96F4-24A3-44D3-903E-5B0E1BF065A2}.Debug|x86.Build.0 = Debug|Any CPU
		{780A96F4-24A3-44D3-903E-5B0E1BF065A2}.Release|Any CPU.ActiveCfg = Release|Any CPU
		{780A96F4-24A3-44D3-903E-5B0E1BF065A2}.Release|Any CPU.Build.0 = Release|Any CPU
		{780A96F4-24A3-44D3-903E-5B0E1BF065A2}.Release|x64.ActiveCfg = Release|Any CPU
		{780A96F4-24A3-44D3-903E-5B0E1BF065A2}.Release|x64.Build.0 = Release|Any CPU
		{780A96F4-24A3-44D3-903E-5B0E1BF065A2}.Release|x86.ActiveCfg = Release|Any CPU
		{780A96F4-24A3-44D3-903E-5B0E1BF065A2}.Release|x86.Build.0 = Release|Any CPU
		{641EC649-BED2-4B04-844A-8CAAFFB0E851}.Debug|Any CPU.ActiveCfg = Debug|Any CPU
		{641EC649-BED2-4B04-844A-8CAAFFB0E851}.Debug|Any CPU.Build.0 = Debug|Any CPU
		{641EC649-BED2-4B04-844A-8CAAFFB0E851}.Debug|x64.ActiveCfg = Debug|Any CPU
		{641EC649-BED2-4B04-844A-8CAAFFB0E851}.Debug|x64.Build.0 = Debug|Any CPU
		{641EC649-BED2-4B04-844A-8CAAFFB0E851}.Debug|x86.ActiveCfg = Debug|Any CPU
		{641EC649-BED2-4B04-844A-8CAAFFB0E851}.Debug|x86.Build.0 = Debug|Any CPU
		{641EC649-BED2-4B04-844A-8CAAFFB0E851}.Release|Any CPU.ActiveCfg = Release|Any CPU
		{641EC649-BED2-4B04-844A-8CAAFFB0E851}.Release|Any CPU.Build.0 = Release|Any CPU
		{641EC649-BED2-4B04-844A-8CAAFFB0E851}.Release|x64.ActiveCfg = Release|Any CPU
		{641EC649-BED2-4B04-844A-8CAAFFB0E851}.Release|x64.Build.0 = Release|Any CPU
		{641EC649-BED2-4B04-844A-8CAAFFB0E851}.Release|x86.ActiveCfg = Release|Any CPU
		{641EC649-BED2-4B04-844A-8CAAFFB0E851}.Release|x86.Build.0 = Release|Any CPU
	EndGlobalSection
	GlobalSection(SolutionProperties) = preSolution
		HideSolutionNode = FALSE
	EndGlobalSection
	GlobalSection(ExtensibilityGlobals) = postSolution
		SolutionGuid = {E321D3A9-528C-45F1-AFDD-9364B7CEF088}
	EndGlobalSection
EndGlobal
